
Microsoft Visual Studio Solution File, Format Version 12.00
# Visual Studio 15
VisualStudioVersion = 15.0.28307.271
MinimumVisualStudioVersion = 10.0.40219.1
Project("{FAE04EC0-301F-11D3-BF4B-00C04F79EFBC}") = "App10_Cinemix.Android", "App10_Cinemix\App10_Cinemix.Android\App10_Cinemix.Android.csproj", "{BA6F8012-2EAE-4445-8D06-5C78BF823109}"
EndProject
Project("{FAE04EC0-301F-11D3-BF4B-00C04F79EFBC}") = "App10_Cinemix.iOS", "App10_Cinemix\App10_Cinemix.iOS\App10_Cinemix.iOS.csproj", "{1437F41F-058C-4451-836A-E4995C7465B2}"
EndProject
Project("{FAE04EC0-301F-11D3-BF4B-00C04F79EFBC}") = "App10_Cinemix", "App10_Cinemix\App10_Cinemix\App10_Cinemix.csproj", "{6A88BC49-C7F6-4350-80DD-CA160F2C4166}"
EndProject
Global
	GlobalSection(SolutionConfigurationPlatforms) = preSolution
		Ad-Hoc|Any CPU = Ad-Hoc|Any CPU
		Ad-Hoc|iPhone = Ad-Hoc|iPhone
		Ad-Hoc|iPhoneSimulator = Ad-Hoc|iPhoneSimulator
		AppStore|Any CPU = AppStore|Any CPU
		AppStore|iPhone = AppStore|iPhone
		AppStore|iPhoneSimulator = AppStore|iPhoneSimulator
		Debug|Any CPU = Debug|Any CPU
		Debug|iPhone = Debug|iPhone
		Debug|iPhoneSimulator = Debug|iPhoneSimulator
		Release|Any CPU = Release|Any CPU
		Release|iPhone = Release|iPhone
		Release|iPhoneSimulator = Release|iPhoneSimulator
	EndGlobalSection
	GlobalSection(ProjectConfigurationPlatforms) = postSolution
		{BA6F8012-2EAE-4445-8D06-5C78BF823109}.Ad-Hoc|Any CPU.ActiveCfg = Release|Any CPU
		{BA6F8012-2EAE-4445-8D06-5C78BF823109}.Ad-Hoc|Any CPU.Build.0 = Release|Any CPU
		{BA6F8012-2EAE-4445-8D06-5C78BF823109}.Ad-Hoc|Any CPU.Deploy.0 = Release|Any CPU
		{BA6F8012-2EAE-4445-8D06-5C78BF823109}.Ad-Hoc|iPhone.ActiveCfg = Release|Any CPU
		{BA6F8012-2EAE-4445-8D06-5C78BF823109}.Ad-Hoc|iPhone.Build.0 = Release|Any CPU
		{BA6F8012-2EAE-4445-8D06-5C78BF823109}.Ad-Hoc|iPhone.Deploy.0 = Release|Any CPU
		{BA6F8012-2EAE-4445-8D06-5C78BF823109}.Ad-Hoc|iPhoneSimulator.ActiveCfg = Release|Any CPU
		{BA6F8012-2EAE-4445-8D06-5C78BF823109}.Ad-Hoc|iPhoneSimulator.Build.0 = Release|Any CPU
		{BA6F8012-2EAE-4445-8D06-5C78BF823109}.Ad-Hoc|iPhoneSimulator.Deploy.0 = Release|Any CPU
		{BA6F8012-2EAE-4445-8D06-5C78BF823109}.AppStore|Any CPU.ActiveCfg = Release|Any CPU
		{BA6F8012-2EAE-4445-8D06-5C78BF823109}.AppStore|Any CPU.Build.0 = Release|Any CPU
		{BA6F8012-2EAE-4445-8D06-5C78BF823109}.AppStore|Any CPU.Deploy.0 = Release|Any CPU
		{BA6F8012-2EAE-4445-8D06-5C78BF823109}.AppStore|iPhone.ActiveCfg = Release|Any CPU
		{BA6F8012-2EAE-4445-8D06-5C78BF823109}.AppStore|iPhone.Build.0 = Release|Any CPU
		{BA6F8012-2EAE-4445-8D06-5C78BF823109}.AppStore|iPhone.Deploy.0 = Release|Any CPU
		{BA6F8012-2EAE-4445-8D06-5C78BF823109}.AppStore|iPhoneSimulator.ActiveCfg = Release|Any CPU
		{BA6F8012-2EAE-4445-8D06-5C78BF823109}.AppStore|iPhoneSimulator.Build.0 = Release|Any CPU
		{BA6F8012-2EAE-4445-8D06-5C78BF823109}.AppStore|iPhoneSimulator.Deploy.0 = Release|Any CPU
		{BA6F8012-2EAE-4445-8D06-5C78BF823109}.Debug|Any CPU.ActiveCfg = Debug|Any CPU
		{BA6F8012-2EAE-4445-8D06-5C78BF823109}.Debug|Any CPU.Build.0 = Debug|Any CPU
		{BA6F8012-2EAE-4445-8D06-5C78BF823109}.Debug|Any CPU.Deploy.0 = Debug|Any CPU
		{BA6F8012-2EAE-4445-8D06-5C78BF823109}.Debug|iPhone.ActiveCfg = Debug|Any CPU
		{BA6F8012-2EAE-4445-8D06-5C78BF823109}.Debug|iPhone.Build.0 = Debug|Any CPU
		{BA6F8012-2EAE-4445-8D06-5C78BF823109}.Debug|iPhone.Deploy.0 = Debug|Any CPU
		{BA6F8012-2EAE-4445-8D06-5C78BF823109}.Debug|iPhoneSimulator.ActiveCfg = Debug|Any CPU
		{BA6F8012-2EAE-4445-8D06-5C78BF823109}.Debug|iPhoneSimulator.Build.0 = Debug|Any CPU
		{BA6F8012-2EAE-4445-8D06-5C78BF823109}.Debug|iPhoneSimulator.Deploy.0 = Debug|Any CPU
		{BA6F8012-2EAE-4445-8D06-5C78BF823109}.Release|Any CPU.ActiveCfg = Release|Any CPU
		{BA6F8012-2EAE-4445-8D06-5C78BF823109}.Release|Any CPU.Build.0 = Release|Any CPU
		{BA6F8012-2EAE-4445-8D06-5C78BF823109}.Release|Any CPU.Deploy.0 = Release|Any CPU
		{BA6F8012-2EAE-4445-8D06-5C78BF823109}.Release|iPhone.ActiveCfg = Release|Any CPU
		{BA6F8012-2EAE-4445-8D06-5C78BF823109}.Release|iPhone.Build.0 = Release|Any CPU
		{BA6F8012-2EAE-4445-8D06-5C78BF823109}.Release|iPhone.Deploy.0 = Release|Any CPU
		{BA6F8012-2EAE-4445-8D06-5C78BF823109}.Release|iPhoneSimulator.ActiveCfg = Release|Any CPU
		{BA6F8012-2EAE-4445-8D06-5C78BF823109}.Release|iPhoneSimulator.Build.0 = Release|Any CPU
		{BA6F8012-2EAE-4445-8D06-5C78BF823109}.Release|iPhoneSimulator.Deploy.0 = Release|Any CPU
		{1437F41F-058C-4451-836A-E4995C7465B2}.Ad-Hoc|Any CPU.ActiveCfg = Ad-Hoc|iPhone
		{1437F41F-058C-4451-836A-E4995C7465B2}.Ad-Hoc|Any CPU.Build.0 = Ad-Hoc|iPhone
		{1437F41F-058C-4451-836A-E4995C7465B2}.Ad-Hoc|Any CPU.Deploy.0 = Ad-Hoc|iPhone
		{1437F41F-058C-4451-836A-E4995C7465B2}.Ad-Hoc|iPhone.ActiveCfg = Ad-Hoc|iPhone
		{1437F41F-058C-4451-836A-E4995C7465B2}.Ad-Hoc|iPhone.Build.0 = Ad-Hoc|iPhone
		{1437F41F-058C-4451-836A-E4995C7465B2}.Ad-Hoc|iPhone.Deploy.0 = Ad-Hoc|iPhone
		{1437F41F-058C-4451-836A-E4995C7465B2}.Ad-Hoc|iPhoneSimulator.ActiveCfg = Ad-Hoc|iPhoneSimulator
		{1437F41F-058C-4451-836A-E4995C7465B2}.Ad-Hoc|iPhoneSimulator.Build.0 = Ad-Hoc|iPhoneSimulator
		{1437F41F-058C-4451-836A-E4995C7465B2}.Ad-Hoc|iPhoneSimulator.Deploy.0 = Ad-Hoc|iPhoneSimulator
		{1437F41F-058C-4451-836A-E4995C7465B2}.AppStore|Any CPU.ActiveCfg = AppStore|iPhone
		{1437F41F-058C-4451-836A-E4995C7465B2}.AppStore|Any CPU.Build.0 = AppStore|iPhone
		{1437F41F-058C-4451-836A-E4995C7465B2}.AppStore|Any CPU.Deploy.0 = AppStore|iPhone
		{1437F41F-058C-4451-836A-E4995C7465B2}.AppStore|iPhone.ActiveCfg = AppStore|iPhone
		{1437F41F-058C-4451-836A-E4995C7465B2}.AppStore|iPhone.Build.0 = AppStore|iPhone
		{1437F41F-058C-4451-836A-E4995C7465B2}.AppStore|iPhone.Deploy.0 = AppStore|iPhone
		{1437F41F-058C-4451-836A-E4995C7465B2}.AppStore|iPhoneSimulator.ActiveCfg = AppStore|iPhoneSimulator
		{1437F41F-058C-4451-836A-E4995C7465B2}.AppStore|iPhoneSimulator.Build.0 = AppStore|iPhoneSimulator
		{1437F41F-058C-4451-836A-E4995C7465B2}.AppStore|iPhoneSimulator.Deploy.0 = AppStore|iPhoneSimulator
		{1437F41F-058C-4451-836A-E4995C7465B2}.Debug|Any CPU.ActiveCfg = Debug|iPhoneSimulator
		{1437F41F-058C-4451-836A-E4995C7465B2}.Debug|Any CPU.Build.0 = Debug|iPhoneSimulator
		{1437F41F-058C-4451-836A-E4995C7465B2}.Debug|Any CPU.Deploy.0 = Debug|iPhoneSimulator
		{1437F41F-058C-4451-836A-E4995C7465B2}.Debug|iPhone.ActiveCfg = Debug|iPhone
		{1437F41F-058C-4451-836A-E4995C7465B2}.Debug|iPhone.Build.0 = Debug|iPhone
		{1437F41F-058C-4451-836A-E4995C7465B2}.Debug|iPhone.Deploy.0 = Debug|iPhone
		{1437F41F-058C-4451-836A-E4995C7465B2}.Debug|iPhoneSimulator.ActiveCfg = Debug|iPhoneSimulator
		{1437F41F-058C-4451-836A-E4995C7465B2}.Debug|iPhoneSimulator.Build.0 = Debug|iPhoneSimulator
		{1437F41F-058C-4451-836A-E4995C7465B2}.Debug|iPhoneSimulator.Deploy.0 = Debug|iPhoneSimulator
		{1437F41F-058C-4451-836A-E4995C7465B2}.Release|Any CPU.ActiveCfg = Release|iPhone
		{1437F41F-058C-4451-836A-E4995C7465B2}.Release|Any CPU.Build.0 = Release|iPhone
		{1437F41F-058C-4451-836A-E4995C7465B2}.Release|Any CPU.Deploy.0 = Release|iPhone
		{1437F41F-058C-4451-836A-E4995C7465B2}.Release|iPhone.ActiveCfg = Release|iPhone
		{1437F41F-058C-4451-836A-E4995C7465B2}.Release|iPhone.Build.0 = Release|iPhone
		{1437F41F-058C-4451-836A-E4995C7465B2}.Release|iPhone.Deploy.0 = Release|iPhone
		{1437F41F-058C-4451-836A-E4995C7465B2}.Release|iPhoneSimulator.ActiveCfg = Release|iPhoneSimulator
		{1437F41F-058C-4451-836A-E4995C7465B2}.Release|iPhoneSimulator.Build.0 = Release|iPhoneSimulator
		{1437F41F-058C-4451-836A-E4995C7465B2}.Release|iPhoneSimulator.Deploy.0 = Release|iPhoneSimulator
		{6A88BC49-C7F6-4350-80DD-CA160F2C4166}.Ad-Hoc|Any CPU.ActiveCfg = Debug|Any CPU
		{6A88BC49-C7F6-4350-80DD-CA160F2C4166}.Ad-Hoc|Any CPU.Build.0 = Debug|Any CPU
		{6A88BC49-C7F6-4350-80DD-CA160F2C4166}.Ad-Hoc|Any CPU.Deploy.0 = Debug|Any CPU
		{6A88BC49-C7F6-4350-80DD-CA160F2C4166}.Ad-Hoc|iPhone.ActiveCfg = Debug|Any CPU
		{6A88BC49-C7F6-4350-80DD-CA160F2C4166}.Ad-Hoc|iPhone.Build.0 = Debug|Any CPU
		{6A88BC49-C7F6-4350-80DD-CA160F2C4166}.Ad-Hoc|iPhone.Deploy.0 = Debug|Any CPU
		{6A88BC49-C7F6-4350-80DD-CA160F2C4166}.Ad-Hoc|iPhoneSimulator.ActiveCfg = Debug|Any CPU
		{6A88BC49-C7F6-4350-80DD-CA160F2C4166}.Ad-Hoc|iPhoneSimulator.Build.0 = Debug|Any CPU
		{6A88BC49-C7F6-4350-80DD-CA160F2C4166}.Ad-Hoc|iPhoneSimulator.Deploy.0 = Debug|Any CPU
		{6A88BC49-C7F6-4350-80DD-CA160F2C4166}.AppStore|Any CPU.ActiveCfg = Debug|Any CPU
		{6A88BC49-C7F6-4350-80DD-CA160F2C4166}.AppStore|Any CPU.Build.0 = Debug|Any CPU
		{6A88BC49-C7F6-4350-80DD-CA160F2C4166}.AppStore|Any CPU.Deploy.0 = Debug|Any CPU
		{6A88BC49-C7F6-4350-80DD-CA160F2C4166}.AppStore|iPhone.ActiveCfg = Debug|Any CPU
		{6A88BC49-C7F6-4350-80DD-CA160F2C4166}.AppStore|iPhone.Build.0 = Debug|Any CPU
		{6A88BC49-C7F6-4350-80DD-CA160F2C4166}.AppStore|iPhone.Deploy.0 = Debug|Any CPU
		{6A88BC49-C7F6-4350-80DD-CA160F2C4166}.AppStore|iPhoneSimulator.ActiveCfg = Debug|Any CPU
		{6A88BC49-C7F6-4350-80DD-CA160F2C4166}.AppStore|iPhoneSimulator.Build.0 = Debug|Any CPU
		{6A88BC49-C7F6-4350-80DD-CA160F2C4166}.AppStore|iPhoneSimulator.Deploy.0 = Debug|Any CPU
		{6A88BC49-C7F6-4350-80DD-CA160F2C4166}.Debug|Any CPU.ActiveCfg = Debug|Any CPU
		{6A88BC49-C7F6-4350-80DD-CA160F2C4166}.Debug|Any CPU.Build.0 = Debug|Any CPU
		{6A88BC49-C7F6-4350-80DD-CA160F2C4166}.Debug|Any CPU.Deploy.0 = Debug|Any CPU
		{6A88BC49-C7F6-4350-80DD-CA160F2C4166}.Debug|iPhone.ActiveCfg = Debug|Any CPU
		{6A88BC49-C7F6-4350-80DD-CA160F2C4166}.Debug|iPhone.Build.0 = Debug|Any CPU
		{6A88BC49-C7F6-4350-80DD-CA160F2C4166}.Debug|iPhone.Deploy.0 = Debug|Any CPU
		{6A88BC49-C7F6-4350-80DD-CA160F2C4166}.Debug|iPhoneSimulator.ActiveCfg = Debug|Any CPU
		{6A88BC49-C7F6-4350-80DD-CA160F2C4166}.Debug|iPhoneSimulator.Build.0 = Debug|Any CPU
		{6A88BC49-C7F6-4350-80DD-CA160F2C4166}.Debug|iPhoneSimulator.Deploy.0 = Debug|Any CPU
		{6A88BC49-C7F6-4350-80DD-CA160F2C4166}.Release|Any CPU.ActiveCfg = Release|Any CPU
		{6A88BC49-C7F6-4350-80DD-CA160F2C4166}.Release|Any CPU.Build.0 = Release|Any CPU
		{6A88BC49-C7F6-4350-80DD-CA160F2C4166}.Release|Any CPU.Deploy.0 = Release|Any CPU
		{6A88BC49-C7F6-4350-80DD-CA160F2C4166}.Release|iPhone.ActiveCfg = Release|Any CPU
		{6A88BC49-C7F6-4350-80DD-CA160F2C4166}.Release|iPhone.Build.0 = Release|Any CPU
		{6A88BC49-C7F6-4350-80DD-CA160F2C4166}.Release|iPhone.Deploy.0 = Release|Any CPU
		{6A88BC49-C7F6-4350-80DD-CA160F2C4166}.Release|iPhoneSimulator.ActiveCfg = Release|Any CPU
		{6A88BC49-C7F6-4350-80DD-CA160F2C4166}.Release|iPhoneSimulator.Build.0 = Release|Any CPU
		{6A88BC49-C7F6-4350-80DD-CA160F2C4166}.Release|iPhoneSimulator.Deploy.0 = Release|Any CPU
	EndGlobalSection
	GlobalSection(SolutionProperties) = preSolution
		HideSolutionNode = FALSE
	EndGlobalSection
	GlobalSection(ExtensibilityGlobals) = postSolution
		SolutionGuid = {04CC3C9B-C84D-4642-B4D6-B2C7FDE5D424}
	EndGlobalSection
EndGlobal
